{
    "version": 3,
    "terraform_version": "0.9.2",
    "serial": 21,
    "lineage": "f47f4251-6f87-418b-bec5-1ae556f45893",
    "modules": [
        {
            "path": [
                "root"
            ],
            "outputs": {},
            "resources": {
                "aws_eip.mgmt01": {
                    "type": "aws_eip",
                    "depends_on": [
                        "aws_instance.mgmt01"
                    ],
                    "primary": {
                        "id": "eipalloc-d6dcf8b3",
                        "attributes": {
                            "association_id": "eipassoc-c69fd5a1",
                            "domain": "vpc",
                            "id": "eipalloc-d6dcf8b3",
                            "instance": "i-00f379594b19b71b5",
                            "network_interface": "eni-6b67c010",
                            "private_ip": "10.0.0.212",
                            "public_ip": "52.220.102.132",
                            "vpc": "true"
                        },
                        "meta": {},
                        "tainted": false
                    },
                    "deposed": [],
                    "provider": ""
                },
                "aws_eip.nat": {
                    "type": "aws_eip",
                    "depends_on": [
                        "aws_instance.nat"
                    ],
                    "primary": {
                        "id": "eipalloc-10ddf975",
                        "attributes": {
                            "association_id": "eipassoc-ad99d3ca",
                            "domain": "vpc",
                            "id": "eipalloc-10ddf975",
                            "instance": "i-0af0dd83502a7b68b",
                            "network_interface": "eni-af66c1d4",
                            "private_ip": "10.0.0.125",
                            "public_ip": "52.221.176.247",
                            "vpc": "true"
                        },
                        "meta": {},
                        "tainted": false
                    },
                    "deposed": [],
                    "provider": ""
                },
                "aws_eip.web01": {
                    "type": "aws_eip",
                    "depends_on": [
                        "aws_instance.web01"
                    ],
                    "primary": {
                        "id": "eipalloc-f0d3f795",
                        "attributes": {
                            "association_id": "eipassoc-7f9dd718",
                            "domain": "vpc",
                            "id": "eipalloc-f0d3f795",
                            "instance": "i-06e062ea7fbb004f9",
                            "network_interface": "eni-a866c1d3",
                            "private_ip": "10.0.0.77",
                            "public_ip": "52.221.175.238",
                            "vpc": "true"
                        },
                        "meta": {},
                        "tainted": false
                    },
                    "deposed": [],
                    "provider": ""
                },
                "aws_instance.app01": {
                    "type": "aws_instance",
                    "depends_on": [
                        "aws_security_group.app",
                        "aws_subnet.ap-southeast-1a-app"
                    ],
                    "primary": {
                        "id": "i-0556c2f60817d9d66",
                        "attributes": {
                            "ami": "ami-9a15a9f9",
                            "associate_public_ip_address": "false",
                            "availability_zone": "ap-southeast-1a",
                            "disable_api_termination": "false",
                            "ebs_block_device.#": "0",
                            "ebs_optimized": "false",
                            "ephemeral_block_device.#": "0",
                            "iam_instance_profile": "",
                            "id": "i-0556c2f60817d9d66",
                            "instance_state": "running",
                            "instance_type": "t2.micro",
                            "ipv6_address_count": "0",
                            "ipv6_addresses.#": "0",
                            "key_name": "ray-singapore",
                            "monitoring": "false",
                            "network_interface_id": "eni-5565c22e",
                            "private_dns": "ip-10-0-1-29.ap-southeast-1.compute.internal",
                            "private_ip": "10.0.1.29",
                            "public_dns": "",
                            "public_ip": "",
                            "root_block_device.#": "1",
                            "root_block_device.0.delete_on_termination": "true",
                            "root_block_device.0.iops": "0",
                            "root_block_device.0.volume_size": "8",
                            "root_block_device.0.volume_type": "standard",
                            "security_groups.#": "0",
                            "source_dest_check": "false",
                            "subnet_id": "subnet-adf8d8c9",
                            "tags.%": "1",
                            "tags.Name": "APP01",
                            "tenancy": "default",
                            "vpc_security_group_ids.#": "1",
                            "vpc_security_group_ids.1175608591": "sg-2f136c48"
                        },
                        "meta": {
                            "schema_version": "1"
                        },
                        "tainted": false
                    },
                    "deposed": [],
                    "provider": ""
                },
                "aws_instance.db01": {
                    "type": "aws_instance",
                    "depends_on": [
                        "aws_security_group.db",
                        "aws_subnet.ap-southeast-1a-db"
                    ],
                    "primary": {
                        "id": "i-0e324f01e1f081850",
                        "attributes": {
                            "ami": "ami-9a15a9f9",
                            "associate_public_ip_address": "false",
                            "availability_zone": "ap-southeast-1a",
                            "disable_api_termination": "false",
                            "ebs_block_device.#": "0",
                            "ebs_optimized": "false",
                            "ephemeral_block_device.#": "0",
                            "iam_instance_profile": "",
                            "id": "i-0e324f01e1f081850",
                            "instance_state": "running",
                            "instance_type": "t2.micro",
                            "ipv6_address_count": "0",
                            "ipv6_addresses.#": "0",
                            "key_name": "ray-singapore",
                            "monitoring": "false",
                            "network_interface_id": "eni-7366c108",
                            "private_dns": "ip-10-0-2-30.ap-southeast-1.compute.internal",
                            "private_ip": "10.0.2.30",
                            "public_dns": "",
                            "public_ip": "",
                            "root_block_device.#": "1",
                            "root_block_device.0.delete_on_termination": "true",
                            "root_block_device.0.iops": "0",
                            "root_block_device.0.volume_size": "8",
                            "root_block_device.0.volume_type": "standard",
                            "security_groups.#": "0",
                            "source_dest_check": "false",
                            "subnet_id": "subnet-7af8d81e",
                            "tags.%": "1",
                            "tags.Name": "DB01",
                            "tenancy": "default",
                            "vpc_security_group_ids.#": "1",
                            "vpc_security_group_ids.125429044": "sg-2f106f48"
                        },
                        "meta": {
                            "schema_version": "1"
                        },
                        "tainted": false
                    },
                    "deposed": [],
                    "provider": ""
                },
                "aws_instance.mgmt01": {
                    "type": "aws_instance",
                    "depends_on": [
                        "aws_security_group.web",
                        "aws_subnet.ap-southeast-1a-web"
                    ],
                    "primary": {
                        "id": "i-00f379594b19b71b5",
                        "attributes": {
                            "ami": "ami-9a15a9f9",
                            "associate_public_ip_address": "true",
                            "availability_zone": "ap-southeast-1a",
                            "disable_api_termination": "false",
                            "ebs_block_device.#": "0",
                            "ebs_optimized": "false",
                            "ephemeral_block_device.#": "0",
                            "iam_instance_profile": "",
                            "id": "i-00f379594b19b71b5",
                            "instance_state": "running",
                            "instance_type": "t2.micro",
                            "ipv6_address_count": "0",
                            "ipv6_addresses.#": "0",
                            "key_name": "ray-singapore",
                            "monitoring": "false",
                            "network_interface_id": "eni-6b67c010",
                            "private_dns": "ip-10-0-0-212.ap-southeast-1.compute.internal",
                            "private_ip": "10.0.0.212",
                            "public_dns": "ec2-52-77-225-89.ap-southeast-1.compute.amazonaws.com",
                            "public_ip": "52.77.225.89",
                            "root_block_device.#": "1",
                            "root_block_device.0.delete_on_termination": "true",
                            "root_block_device.0.iops": "0",
                            "root_block_device.0.volume_size": "8",
                            "root_block_device.0.volume_type": "standard",
                            "security_groups.#": "0",
                            "source_dest_check": "false",
                            "subnet_id": "subnet-0ef8d86a",
                            "tags.%": "1",
                            "tags.Name": "MGMT01",
                            "tenancy": "default",
                            "vpc_security_group_ids.#": "1",
                            "vpc_security_group_ids.981927340": "sg-1a116e7d"
                        },
                        "meta": {
                            "schema_version": "1"
                        },
                        "tainted": false
                    },
                    "deposed": [],
                    "provider": ""
                },
                "aws_instance.nat": {
                    "type": "aws_instance",
                    "depends_on": [
                        "aws_security_group.nat",
                        "aws_subnet.ap-southeast-1a-web"
                    ],
                    "primary": {
                        "id": "i-0af0dd83502a7b68b",
                        "attributes": {
                            "ami": "ami-70a38222",
                            "associate_public_ip_address": "true",
                            "availability_zone": "ap-southeast-1a",
                            "disable_api_termination": "false",
                            "ebs_block_device.#": "0",
                            "ebs_optimized": "false",
                            "ephemeral_block_device.#": "0",
                            "iam_instance_profile": "",
                            "id": "i-0af0dd83502a7b68b",
                            "instance_state": "running",
                            "instance_type": "t1.micro",
                            "ipv6_address_count": "0",
                            "ipv6_addresses.#": "0",
                            "key_name": "ray-singapore",
                            "monitoring": "false",
                            "network_interface_id": "eni-af66c1d4",
                            "private_dns": "ip-10-0-0-125.ap-southeast-1.compute.internal",
                            "private_ip": "10.0.0.125",
                            "public_dns": "ec2-54-251-165-46.ap-southeast-1.compute.amazonaws.com",
                            "public_ip": "54.251.165.46",
                            "root_block_device.#": "1",
                            "root_block_device.0.delete_on_termination": "true",
                            "root_block_device.0.iops": "0",
                            "root_block_device.0.volume_size": "8",
                            "root_block_device.0.volume_type": "standard",
                            "security_groups.#": "0",
                            "source_dest_check": "false",
                            "subnet_id": "subnet-0ef8d86a",
                            "tags.%": "1",
                            "tags.Name": "NAT01",
                            "tenancy": "default",
                            "vpc_security_group_ids.#": "1",
                            "vpc_security_group_ids.2527632403": "sg-20136c47"
                        },
                        "meta": {
                            "schema_version": "1"
                        },
                        "tainted": false
                    },
                    "deposed": [],
                    "provider": ""
                },
                "aws_instance.web01": {
                    "type": "aws_instance",
                    "depends_on": [
                        "aws_security_group.web",
                        "aws_subnet.ap-southeast-1a-web"
                    ],
                    "primary": {
                        "id": "i-06e062ea7fbb004f9",
                        "attributes": {
                            "ami": "ami-9a15a9f9",
                            "associate_public_ip_address": "true",
                            "availability_zone": "ap-southeast-1a",
                            "disable_api_termination": "false",
                            "ebs_block_device.#": "0",
                            "ebs_optimized": "false",
                            "ephemeral_block_device.#": "0",
                            "iam_instance_profile": "",
                            "id": "i-06e062ea7fbb004f9",
                            "instance_state": "running",
                            "instance_type": "t2.micro",
                            "ipv6_address_count": "0",
                            "ipv6_addresses.#": "0",
                            "key_name": "ray-singapore",
                            "monitoring": "false",
                            "network_interface_id": "eni-a866c1d3",
                            "private_dns": "ip-10-0-0-77.ap-southeast-1.compute.internal",
                            "private_ip": "10.0.0.77",
                            "public_dns": "ec2-52-221-197-8.ap-southeast-1.compute.amazonaws.com",
                            "public_ip": "52.221.197.8",
                            "root_block_device.#": "1",
                            "root_block_device.0.delete_on_termination": "true",
                            "root_block_device.0.iops": "0",
                            "root_block_device.0.volume_size": "8",
                            "root_block_device.0.volume_type": "standard",
                            "security_groups.#": "0",
                            "source_dest_check": "false",
                            "subnet_id": "subnet-0ef8d86a",
                            "tags.%": "1",
                            "tags.Name": "WEB01",
                            "tenancy": "default",
                            "vpc_security_group_ids.#": "1",
                            "vpc_security_group_ids.981927340": "sg-1a116e7d"
                        },
                        "meta": {
                            "schema_version": "1"
                        },
                        "tainted": false
                    },
                    "deposed": [],
                    "provider": ""
                },
                "aws_internet_gateway.default": {
                    "type": "aws_internet_gateway",
                    "depends_on": [
                        "aws_vpc.default"
                    ],
                    "primary": {
                        "id": "igw-4afec52f",
                        "attributes": {
                            "id": "igw-4afec52f",
                            "vpc_id": "vpc-e0610584"
                        },
                        "meta": {},
                        "tainted": false
                    },
                    "deposed": [],
                    "provider": ""
                },
                "aws_route_table.ap-southeast-1a-app": {
                    "type": "aws_route_table",
                    "depends_on": [
                        "aws_instance.nat",
                        "aws_vpc.default"
                    ],
                    "primary": {
                        "id": "rtb-3eecc55a",
                        "attributes": {
                            "id": "rtb-3eecc55a",
                            "propagating_vgws.#": "0",
                            "route.#": "1",
                            "route.2984461943.cidr_block": "0.0.0.0/0",
                            "route.2984461943.egress_only_gateway_id": "",
                            "route.2984461943.gateway_id": "",
                            "route.2984461943.instance_id": "i-0af0dd83502a7b68b",
                            "route.2984461943.ipv6_cidr_block": "",
                            "route.2984461943.nat_gateway_id": "",
                            "route.2984461943.network_interface_id": "eni-af66c1d4",
                            "route.2984461943.vpc_peering_connection_id": "",
                            "tags.%": "1",
                            "tags.Name": "APP",
                            "vpc_id": "vpc-e0610584"
                        },
                        "meta": {},
                        "tainted": false
                    },
                    "deposed": [],
                    "provider": ""
                },
                "aws_route_table.ap-southeast-1a-db": {
                    "type": "aws_route_table",
                    "depends_on": [
                        "aws_instance.nat",
                        "aws_vpc.default"
                    ],
                    "primary": {
                        "id": "rtb-bbeec7df",
                        "attributes": {
                            "id": "rtb-bbeec7df",
                            "propagating_vgws.#": "0",
                            "route.#": "1",
                            "route.2984461943.cidr_block": "0.0.0.0/0",
                            "route.2984461943.egress_only_gateway_id": "",
                            "route.2984461943.gateway_id": "",
                            "route.2984461943.instance_id": "i-0af0dd83502a7b68b",
                            "route.2984461943.ipv6_cidr_block": "",
                            "route.2984461943.nat_gateway_id": "",
                            "route.2984461943.network_interface_id": "",
                            "route.2984461943.vpc_peering_connection_id": "",
                            "tags.%": "1",
                            "tags.Name": "DB",
                            "vpc_id": "vpc-e0610584"
                        },
                        "meta": {},
                        "tainted": false
                    },
                    "deposed": [],
                    "provider": ""
                },
                "aws_route_table.ap-southeast-1a-web": {
                    "type": "aws_route_table",
                    "depends_on": [
                        "aws_internet_gateway.default",
                        "aws_vpc.default"
                    ],
                    "primary": {
                        "id": "rtb-baeec7de",
                        "attributes": {
                            "id": "rtb-baeec7de",
                            "propagating_vgws.#": "0",
                            "route.#": "1",
                            "route.1813645341.cidr_block": "0.0.0.0/0",
                            "route.1813645341.egress_only_gateway_id": "",
                            "route.1813645341.gateway_id": "igw-4afec52f",
                            "route.1813645341.instance_id": "",
                            "route.1813645341.ipv6_cidr_block": "",
                            "route.1813645341.nat_gateway_id": "",
                            "route.1813645341.network_interface_id": "",
                            "route.1813645341.vpc_peering_connection_id": "",
                            "tags.%": "1",
                            "tags.Name": "WEB",
                            "vpc_id": "vpc-e0610584"
                        },
                        "meta": {},
                        "tainted": false
                    },
                    "deposed": [],
                    "provider": ""
                },
                "aws_route_table_association.ap-southeast-1a-app": {
                    "type": "aws_route_table_association",
                    "depends_on": [
                        "aws_route_table.ap-southeast-1a-app",
                        "aws_subnet.ap-southeast-1a-app"
                    ],
                    "primary": {
                        "id": "rtbassoc-a277d7c5",
                        "attributes": {
                            "id": "rtbassoc-a277d7c5",
                            "route_table_id": "rtb-3eecc55a",
                            "subnet_id": "subnet-adf8d8c9"
                        },
                        "meta": {},
                        "tainted": false
                    },
                    "deposed": [],
                    "provider": ""
                },
                "aws_route_table_association.ap-southeast-1a-db": {
                    "type": "aws_route_table_association",
                    "depends_on": [
                        "aws_route_table.ap-southeast-1a-db",
                        "aws_subnet.ap-southeast-1a-db"
                    ],
                    "primary": {
                        "id": "rtbassoc-5f79d938",
                        "attributes": {
                            "id": "rtbassoc-5f79d938",
                            "route_table_id": "rtb-bbeec7df",
                            "subnet_id": "subnet-7af8d81e"
                        },
                        "meta": {},
                        "tainted": false
                    },
                    "deposed": [],
                    "provider": ""
                },
                "aws_route_table_association.ap-southeast-1a-web": {
                    "type": "aws_route_table_association",
                    "depends_on": [
                        "aws_route_table.ap-southeast-1a-web",
                        "aws_subnet.ap-southeast-1a-web"
                    ],
                    "primary": {
                        "id": "rtbassoc-4078d827",
                        "attributes": {
                            "id": "rtbassoc-4078d827",
                            "route_table_id": "rtb-baeec7de",
                            "subnet_id": "subnet-0ef8d86a"
                        },
                        "meta": {},
                        "tainted": false
                    },
                    "deposed": [],
                    "provider": ""
                },
                "aws_security_group.app": {
                    "type": "aws_security_group",
                    "depends_on": [
                        "aws_security_group.web",
                        "aws_vpc.default"
                    ],
                    "primary": {
                        "id": "sg-2f136c48",
                        "attributes": {
                            "description": "Allow incoming app connections.",
                            "egress.#": "3",
                            "egress.2214680975.cidr_blocks.#": "1",
                            "egress.2214680975.cidr_blocks.0": "0.0.0.0/0",
                            "egress.2214680975.from_port": "80",
                            "egress.2214680975.ipv6_cidr_blocks.#": "0",
                            "egress.2214680975.prefix_list_ids.#": "0",
                            "egress.2214680975.protocol": "tcp",
                            "egress.2214680975.security_groups.#": "0",
                            "egress.2214680975.self": "false",
                            "egress.2214680975.to_port": "80",
                            "egress.2617001939.cidr_blocks.#": "1",
                            "egress.2617001939.cidr_blocks.0": "0.0.0.0/0",
                            "egress.2617001939.from_port": "443",
                            "egress.2617001939.ipv6_cidr_blocks.#": "0",
                            "egress.2617001939.prefix_list_ids.#": "0",
                            "egress.2617001939.protocol": "tcp",
                            "egress.2617001939.security_groups.#": "0",
                            "egress.2617001939.self": "false",
                            "egress.2617001939.to_port": "443",
                            "egress.2789380109.cidr_blocks.#": "2",
                            "egress.2789380109.cidr_blocks.0": "10.0.0.0/24",
                            "egress.2789380109.cidr_blocks.1": "10.0.2.0/24",
                            "egress.2789380109.from_port": "0",
                            "egress.2789380109.ipv6_cidr_blocks.#": "0",
                            "egress.2789380109.prefix_list_ids.#": "0",
                            "egress.2789380109.protocol": "tcp",
                            "egress.2789380109.security_groups.#": "0",
                            "egress.2789380109.self": "false",
                            "egress.2789380109.to_port": "65535",
                            "id": "sg-2f136c48",
                            "ingress.#": "3",
                            "ingress.2296402805.cidr_blocks.#": "0",
                            "ingress.2296402805.from_port": "8009",
                            "ingress.2296402805.ipv6_cidr_blocks.#": "0",
                            "ingress.2296402805.protocol": "tcp",
                            "ingress.2296402805.security_groups.#": "1",
                            "ingress.2296402805.security_groups.981927340": "sg-1a116e7d",
                            "ingress.2296402805.self": "false",
                            "ingress.2296402805.to_port": "8009",
                            "ingress.267302002.cidr_blocks.#": "1",
                            "ingress.267302002.cidr_blocks.0": "10.0.0.0/16",
                            "ingress.267302002.from_port": "-1",
                            "ingress.267302002.ipv6_cidr_blocks.#": "0",
                            "ingress.267302002.protocol": "icmp",
                            "ingress.267302002.security_groups.#": "0",
                            "ingress.267302002.self": "false",
                            "ingress.267302002.to_port": "-1",
                            "ingress.931551850.cidr_blocks.#": "1",
                            "ingress.931551850.cidr_blocks.0": "10.0.0.0/16",
                            "ingress.931551850.from_port": "22",
                            "ingress.931551850.ipv6_cidr_blocks.#": "0",
                            "ingress.931551850.protocol": "tcp",
                            "ingress.931551850.security_groups.#": "0",
                            "ingress.931551850.self": "false",
                            "ingress.931551850.to_port": "22",
                            "name": "vpc_app",
                            "owner_id": "507674698248",
                            "tags.%": "1",
                            "tags.Name": "APP SG",
                            "vpc_id": "vpc-e0610584"
                        },
                        "meta": {},
                        "tainted": false
                    },
                    "deposed": [],
                    "provider": ""
                },
                "aws_security_group.db": {
                    "type": "aws_security_group",
                    "depends_on": [
                        "aws_security_group.app",
                        "aws_vpc.default"
                    ],
                    "primary": {
                        "id": "sg-2f106f48",
                        "attributes": {
                            "description": "Allow incoming database connections.",
                            "egress.#": "3",
                            "egress.1132364044.cidr_blocks.#": "1",
                            "egress.1132364044.cidr_blocks.0": "10.0.1.0/24",
                            "egress.1132364044.from_port": "0",
                            "egress.1132364044.ipv6_cidr_blocks.#": "0",
                            "egress.1132364044.prefix_list_ids.#": "0",
                            "egress.1132364044.protocol": "tcp",
                            "egress.1132364044.security_groups.#": "0",
                            "egress.1132364044.self": "false",
                            "egress.1132364044.to_port": "65535",
                            "egress.2214680975.cidr_blocks.#": "1",
                            "egress.2214680975.cidr_blocks.0": "0.0.0.0/0",
                            "egress.2214680975.from_port": "80",
                            "egress.2214680975.ipv6_cidr_blocks.#": "0",
                            "egress.2214680975.prefix_list_ids.#": "0",
                            "egress.2214680975.protocol": "tcp",
                            "egress.2214680975.security_groups.#": "0",
                            "egress.2214680975.self": "false",
                            "egress.2214680975.to_port": "80",
                            "egress.2617001939.cidr_blocks.#": "1",
                            "egress.2617001939.cidr_blocks.0": "0.0.0.0/0",
                            "egress.2617001939.from_port": "443",
                            "egress.2617001939.ipv6_cidr_blocks.#": "0",
                            "egress.2617001939.prefix_list_ids.#": "0",
                            "egress.2617001939.protocol": "tcp",
                            "egress.2617001939.security_groups.#": "0",
                            "egress.2617001939.self": "false",
                            "egress.2617001939.to_port": "443",
                            "id": "sg-2f106f48",
                            "ingress.#": "3",
                            "ingress.267302002.cidr_blocks.#": "1",
                            "ingress.267302002.cidr_blocks.0": "10.0.0.0/16",
                            "ingress.267302002.from_port": "-1",
                            "ingress.267302002.ipv6_cidr_blocks.#": "0",
                            "ingress.267302002.protocol": "icmp",
                            "ingress.267302002.security_groups.#": "0",
                            "ingress.267302002.self": "false",
                            "ingress.267302002.to_port": "-1",
                            "ingress.3264143488.cidr_blocks.#": "0",
                            "ingress.3264143488.from_port": "3306",
                            "ingress.3264143488.ipv6_cidr_blocks.#": "0",
                            "ingress.3264143488.protocol": "tcp",
                            "ingress.3264143488.security_groups.#": "1",
                            "ingress.3264143488.security_groups.1175608591": "sg-2f136c48",
                            "ingress.3264143488.self": "false",
                            "ingress.3264143488.to_port": "3306",
                            "ingress.931551850.cidr_blocks.#": "1",
                            "ingress.931551850.cidr_blocks.0": "10.0.0.0/16",
                            "ingress.931551850.from_port": "22",
                            "ingress.931551850.ipv6_cidr_blocks.#": "0",
                            "ingress.931551850.protocol": "tcp",
                            "ingress.931551850.security_groups.#": "0",
                            "ingress.931551850.self": "false",
                            "ingress.931551850.to_port": "22",
                            "name": "vpc_db",
                            "owner_id": "507674698248",
                            "tags.%": "1",
                            "tags.Name": "DB SG",
                            "vpc_id": "vpc-e0610584"
                        },
                        "meta": {},
                        "tainted": false
                    },
                    "deposed": [],
                    "provider": ""
                },
                "aws_security_group.nat": {
                    "type": "aws_security_group",
                    "depends_on": [
                        "aws_vpc.default"
                    ],
                    "primary": {
                        "id": "sg-20136c47",
                        "attributes": {
                            "description": "Allow traffic to pass from the private subnet to the internet",
                            "egress.#": "4",
                            "egress.1799340084.cidr_blocks.#": "1",
                            "egress.1799340084.cidr_blocks.0": "0.0.0.0/0",
                            "egress.1799340084.from_port": "-1",
                            "egress.1799340084.ipv6_cidr_blocks.#": "0",
                            "egress.1799340084.prefix_list_ids.#": "0",
                            "egress.1799340084.protocol": "icmp",
                            "egress.1799340084.security_groups.#": "0",
                            "egress.1799340084.self": "false",
                            "egress.1799340084.to_port": "-1",
                            "egress.2214680975.cidr_blocks.#": "1",
                            "egress.2214680975.cidr_blocks.0": "0.0.0.0/0",
                            "egress.2214680975.from_port": "80",
                            "egress.2214680975.ipv6_cidr_blocks.#": "0",
                            "egress.2214680975.prefix_list_ids.#": "0",
                            "egress.2214680975.protocol": "tcp",
                            "egress.2214680975.security_groups.#": "0",
                            "egress.2214680975.self": "false",
                            "egress.2214680975.to_port": "80",
                            "egress.2617001939.cidr_blocks.#": "1",
                            "egress.2617001939.cidr_blocks.0": "0.0.0.0/0",
                            "egress.2617001939.from_port": "443",
                            "egress.2617001939.ipv6_cidr_blocks.#": "0",
                            "egress.2617001939.prefix_list_ids.#": "0",
                            "egress.2617001939.protocol": "tcp",
                            "egress.2617001939.security_groups.#": "0",
                            "egress.2617001939.self": "false",
                            "egress.2617001939.to_port": "443",
                            "egress.931551850.cidr_blocks.#": "1",
                            "egress.931551850.cidr_blocks.0": "10.0.0.0/16",
                            "egress.931551850.from_port": "22",
                            "egress.931551850.ipv6_cidr_blocks.#": "0",
                            "egress.931551850.prefix_list_ids.#": "0",
                            "egress.931551850.protocol": "tcp",
                            "egress.931551850.security_groups.#": "0",
                            "egress.931551850.self": "false",
                            "egress.931551850.to_port": "22",
                            "id": "sg-20136c47",
                            "ingress.#": "4",
                            "ingress.1799340084.cidr_blocks.#": "1",
                            "ingress.1799340084.cidr_blocks.0": "0.0.0.0/0",
                            "ingress.1799340084.from_port": "-1",
                            "ingress.1799340084.ipv6_cidr_blocks.#": "0",
                            "ingress.1799340084.protocol": "icmp",
                            "ingress.1799340084.security_groups.#": "0",
                            "ingress.1799340084.self": "false",
                            "ingress.1799340084.to_port": "-1",
                            "ingress.2259310706.cidr_blocks.#": "2",
                            "ingress.2259310706.cidr_blocks.0": "10.0.1.0/24",
                            "ingress.2259310706.cidr_blocks.1": "10.0.2.0/24",
                            "ingress.2259310706.from_port": "80",
                            "ingress.2259310706.ipv6_cidr_blocks.#": "0",
                            "ingress.2259310706.protocol": "tcp",
                            "ingress.2259310706.security_groups.#": "0",
                            "ingress.2259310706.self": "false",
                            "ingress.2259310706.to_port": "80",
                            "ingress.2541437006.cidr_blocks.#": "1",
                            "ingress.2541437006.cidr_blocks.0": "0.0.0.0/0",
                            "ingress.2541437006.from_port": "22",
                            "ingress.2541437006.ipv6_cidr_blocks.#": "0",
                            "ingress.2541437006.protocol": "tcp",
                            "ingress.2541437006.security_groups.#": "0",
                            "ingress.2541437006.self": "false",
                            "ingress.2541437006.to_port": "22",
                            "ingress.580482911.cidr_blocks.#": "2",
                            "ingress.580482911.cidr_blocks.0": "10.0.1.0/24",
                            "ingress.580482911.cidr_blocks.1": "10.0.2.0/24",
                            "ingress.580482911.from_port": "443",
                            "ingress.580482911.ipv6_cidr_blocks.#": "0",
                            "ingress.580482911.protocol": "tcp",
                            "ingress.580482911.security_groups.#": "0",
                            "ingress.580482911.self": "false",
                            "ingress.580482911.to_port": "443",
                            "name": "vpc_nat",
                            "owner_id": "507674698248",
                            "tags.%": "1",
                            "tags.Name": "NAT SG",
                            "vpc_id": "vpc-e0610584"
                        },
                        "meta": {},
                        "tainted": false
                    },
                    "deposed": [],
                    "provider": ""
                },
                "aws_security_group.web": {
                    "type": "aws_security_group",
                    "depends_on": [
                        "aws_vpc.default"
                    ],
                    "primary": {
                        "id": "sg-1a116e7d",
                        "attributes": {
                            "description": "Allow incoming HTTP connections.",
                            "egress.#": "5",
                            "egress.1020637108.cidr_blocks.#": "1",
                            "egress.1020637108.cidr_blocks.0": "10.0.1.0/24",
                            "egress.1020637108.from_port": "8009",
                            "egress.1020637108.ipv6_cidr_blocks.#": "0",
                            "egress.1020637108.prefix_list_ids.#": "0",
                            "egress.1020637108.protocol": "tcp",
                            "egress.1020637108.security_groups.#": "0",
                            "egress.1020637108.self": "false",
                            "egress.1020637108.to_port": "8009",
                            "egress.149971414.cidr_blocks.#": "1",
                            "egress.149971414.cidr_blocks.0": "10.0.2.0/24",
                            "egress.149971414.from_port": "3306",
                            "egress.149971414.ipv6_cidr_blocks.#": "0",
                            "egress.149971414.prefix_list_ids.#": "0",
                            "egress.149971414.protocol": "tcp",
                            "egress.149971414.security_groups.#": "0",
                            "egress.149971414.self": "false",
                            "egress.149971414.to_port": "3306",
                            "egress.2214680975.cidr_blocks.#": "1",
                            "egress.2214680975.cidr_blocks.0": "0.0.0.0/0",
                            "egress.2214680975.from_port": "80",
                            "egress.2214680975.ipv6_cidr_blocks.#": "0",
                            "egress.2214680975.prefix_list_ids.#": "0",
                            "egress.2214680975.protocol": "tcp",
                            "egress.2214680975.security_groups.#": "0",
                            "egress.2214680975.self": "false",
                            "egress.2214680975.to_port": "80",
                            "egress.2617001939.cidr_blocks.#": "1",
                            "egress.2617001939.cidr_blocks.0": "0.0.0.0/0",
                            "egress.2617001939.from_port": "443",
                            "egress.2617001939.ipv6_cidr_blocks.#": "0",
                            "egress.2617001939.prefix_list_ids.#": "0",
                            "egress.2617001939.protocol": "tcp",
                            "egress.2617001939.security_groups.#": "0",
                            "egress.2617001939.self": "false",
                            "egress.2617001939.to_port": "443",
                            "egress.3129445019.cidr_blocks.#": "3",
                            "egress.3129445019.cidr_blocks.0": "10.0.1.0/24",
                            "egress.3129445019.cidr_blocks.1": "10.0.2.0/24",
                            "egress.3129445019.cidr_blocks.2": "10.0.0.0/24",
                            "egress.3129445019.from_port": "22",
                            "egress.3129445019.ipv6_cidr_blocks.#": "0",
                            "egress.3129445019.prefix_list_ids.#": "0",
                            "egress.3129445019.protocol": "tcp",
                            "egress.3129445019.security_groups.#": "0",
                            "egress.3129445019.self": "false",
                            "egress.3129445019.to_port": "22",
                            "id": "sg-1a116e7d",
                            "ingress.#": "4",
                            "ingress.1799340084.cidr_blocks.#": "1",
                            "ingress.1799340084.cidr_blocks.0": "0.0.0.0/0",
                            "ingress.1799340084.from_port": "-1",
                            "ingress.1799340084.ipv6_cidr_blocks.#": "0",
                            "ingress.1799340084.protocol": "icmp",
                            "ingress.1799340084.security_groups.#": "0",
                            "ingress.1799340084.self": "false",
                            "ingress.1799340084.to_port": "-1",
                            "ingress.2214680975.cidr_blocks.#": "1",
                            "ingress.2214680975.cidr_blocks.0": "0.0.0.0/0",
                            "ingress.2214680975.from_port": "80",
                            "ingress.2214680975.ipv6_cidr_blocks.#": "0",
                            "ingress.2214680975.protocol": "tcp",
                            "ingress.2214680975.security_groups.#": "0",
                            "ingress.2214680975.self": "false",
                            "ingress.2214680975.to_port": "80",
                            "ingress.2541437006.cidr_blocks.#": "1",
                            "ingress.2541437006.cidr_blocks.0": "0.0.0.0/0",
                            "ingress.2541437006.from_port": "22",
                            "ingress.2541437006.ipv6_cidr_blocks.#": "0",
                            "ingress.2541437006.protocol": "tcp",
                            "ingress.2541437006.security_groups.#": "0",
                            "ingress.2541437006.self": "false",
                            "ingress.2541437006.to_port": "22",
                            "ingress.2617001939.cidr_blocks.#": "1",
                            "ingress.2617001939.cidr_blocks.0": "0.0.0.0/0",
                            "ingress.2617001939.from_port": "443",
                            "ingress.2617001939.ipv6_cidr_blocks.#": "0",
                            "ingress.2617001939.protocol": "tcp",
                            "ingress.2617001939.security_groups.#": "0",
                            "ingress.2617001939.self": "false",
                            "ingress.2617001939.to_port": "443",
                            "name": "vpc_web",
                            "owner_id": "507674698248",
                            "tags.%": "1",
                            "tags.Name": "WEB SG",
                            "vpc_id": "vpc-e0610584"
                        },
                        "meta": {},
                        "tainted": false
                    },
                    "deposed": [],
                    "provider": ""
                },
                "aws_subnet.ap-southeast-1a-app": {
                    "type": "aws_subnet",
                    "depends_on": [
                        "aws_vpc.default"
                    ],
                    "primary": {
                        "id": "subnet-adf8d8c9",
                        "attributes": {
                            "assign_ipv6_address_on_creation": "false",
                            "availability_zone": "ap-southeast-1a",
                            "cidr_block": "10.0.1.0/24",
                            "id": "subnet-adf8d8c9",
                            "map_public_ip_on_launch": "false",
                            "tags.%": "1",
                            "tags.Name": "APP",
                            "vpc_id": "vpc-e0610584"
                        },
                        "meta": {},
                        "tainted": false
                    },
                    "deposed": [],
                    "provider": ""
                },
                "aws_subnet.ap-southeast-1a-db": {
                    "type": "aws_subnet",
                    "depends_on": [
                        "aws_vpc.default"
                    ],
                    "primary": {
                        "id": "subnet-7af8d81e",
                        "attributes": {
                            "assign_ipv6_address_on_creation": "false",
                            "availability_zone": "ap-southeast-1a",
                            "cidr_block": "10.0.2.0/24",
                            "id": "subnet-7af8d81e",
                            "map_public_ip_on_launch": "false",
                            "tags.%": "1",
                            "tags.Name": "DB",
                            "vpc_id": "vpc-e0610584"
                        },
                        "meta": {},
                        "tainted": false
                    },
                    "deposed": [],
                    "provider": ""
                },
                "aws_subnet.ap-southeast-1a-web": {
                    "type": "aws_subnet",
                    "depends_on": [
                        "aws_vpc.default"
                    ],
                    "primary": {
                        "id": "subnet-0ef8d86a",
                        "attributes": {
                            "assign_ipv6_address_on_creation": "false",
                            "availability_zone": "ap-southeast-1a",
                            "cidr_block": "10.0.0.0/24",
                            "id": "subnet-0ef8d86a",
                            "map_public_ip_on_launch": "false",
                            "tags.%": "1",
                            "tags.Name": "WEB",
                            "vpc_id": "vpc-e0610584"
                        },
                        "meta": {},
                        "tainted": false
                    },
                    "deposed": [],
                    "provider": ""
                },
                "aws_vpc.default": {
                    "type": "aws_vpc",
                    "depends_on": [],
                    "primary": {
                        "id": "vpc-e0610584",
                        "attributes": {
                            "assign_generated_ipv6_cidr_block": "false",
                            "cidr_block": "10.0.0.0/16",
                            "default_network_acl_id": "acl-371b4053",
                            "default_route_table_id": "rtb-b9eec7dd",
                            "default_security_group_id": "sg-20106f47",
                            "dhcp_options_id": "dopt-649f2d00",
                            "enable_classiclink": "false",
                            "enable_dns_hostnames": "true",
                            "enable_dns_support": "true",
                            "id": "vpc-e0610584",
                            "instance_tenancy": "default",
                            "main_route_table_id": "rtb-b9eec7dd",
                            "tags.%": "1",
                            "tags.Name": "TEST VPC"
                        },
                        "meta": {
                            "schema_version": "1"
                        },
                        "tainted": false
                    },
                    "deposed": [],
                    "provider": ""
                }
            },
            "depends_on": []
        }
    ]
}
